
Microsoft Visual Studio Solution File, Format Version 12.00
# Visual Studio Version 17
VisualStudioVersion = 17.9.34622.214
MinimumVisualStudioVersion = 10.0.40219.1
Project("{2150E333-8FDC-42A3-9474-1A3956D46DE8}") = "FrontEnd", "FrontEnd", "{8EDAE241-2016-4DE7-8A3D-E416F40D668D}"
EndProject
Project("{2150E333-8FDC-42A3-9474-1A3956D46DE8}") = "Gateway", "Gateway", "{57F1A335-AAD4-4CA5-9172-C5F3DA704B4B}"
EndProject
Project("{2150E333-8FDC-42A3-9474-1A3956D46DE8}") = "Integration", "Integration", "{07FF46BA-EAAF-4D8C-B7C2-2A9988DE153B}"
EndProject
Project("{2150E333-8FDC-42A3-9474-1A3956D46DE8}") = "Services", "Services", "{C9593B7F-F797-4ED6-A4C6-7AFCE3F7170C}"
EndProject
Project("{9A19103F-16F7-4668-BE54-9A1E7A4F7556}") = "Mango.Services.CouponAPI", "Mango.Services.CouponAPI\Mango.Services.CouponAPI.csproj", "{67DF9811-9BCD-425A-9265-AE574DF19B07}"
EndProject
Project("{FAE04EC0-301F-11D3-BF4B-00C04F79EFBC}") = "Mango.Web", "Mango.Web\Mango.Web.csproj", "{53C98E9E-4E84-4241-AA6C-1230C4339621}"
EndProject
Global
	GlobalSection(SolutionConfigurationPlatforms) = preSolution
		Debug|Any CPU = Debug|Any CPU
		Release|Any CPU = Release|Any CPU
	EndGlobalSection
	GlobalSection(ProjectConfigurationPlatforms) = postSolution
		{67DF9811-9BCD-425A-9265-AE574DF19B07}.Debug|Any CPU.ActiveCfg = Debug|Any CPU
		{67DF9811-9BCD-425A-9265-AE574DF19B07}.Debug|Any CPU.Build.0 = Debug|Any CPU
		{67DF9811-9BCD-425A-9265-AE574DF19B07}.Release|Any CPU.ActiveCfg = Release|Any CPU
		{67DF9811-9BCD-425A-9265-AE574DF19B07}.Release|Any CPU.Build.0 = Release|Any CPU
		{53C98E9E-4E84-4241-AA6C-1230C4339621}.Debug|Any CPU.ActiveCfg = Debug|Any CPU
		{53C98E9E-4E84-4241-AA6C-1230C4339621}.Debug|Any CPU.Build.0 = Debug|Any CPU
		{53C98E9E-4E84-4241-AA6C-1230C4339621}.Release|Any CPU.ActiveCfg = Release|Any CPU
		{53C98E9E-4E84-4241-AA6C-1230C4339621}.Release|Any CPU.Build.0 = Release|Any CPU
	EndGlobalSection
	GlobalSection(SolutionProperties) = preSolution
		HideSolutionNode = FALSE
	EndGlobalSection
	GlobalSection(NestedProjects) = preSolution
		{67DF9811-9BCD-425A-9265-AE574DF19B07} = {C9593B7F-F797-4ED6-A4C6-7AFCE3F7170C}
		{53C98E9E-4E84-4241-AA6C-1230C4339621} = {8EDAE241-2016-4DE7-8A3D-E416F40D668D}
	EndGlobalSection
	GlobalSection(ExtensibilityGlobals) = postSolution
		SolutionGuid = {CE24BA55-2D80-46ED-974E-15C7D0A6B81D}
	EndGlobalSection
EndGlobal
